
Microsoft Visual Studio Solution File, Format Version 12.00
# Visual Studio Version 17
VisualStudioVersion = 17.2.32630.192
MinimumVisualStudioVersion = 10.0.40219.1
Project("{FAE04EC0-301F-11D3-BF4B-00C04F79EFBC}") = "TaxCalculator", "TaxCalculator\TaxCalculator.csproj", "{C25A8540-CFA0-4886-B9A4-5BA44F73C8FF}"
EndProject
Global
	GlobalSection(SolutionConfigurationPlatforms) = preSolution
		Debug|Any CPU = Debug|Any CPU
		Release|Any CPU = Release|Any CPU
	EndGlobalSection
	GlobalSection(ProjectConfigurationPlatforms) = postSolution
		{C25A8540-CFA0-4886-B9A4-5BA44F73C8FF}.Debug|Any CPU.ActiveCfg = Debug|Any CPU
		{C25A8540-CFA0-4886-B9A4-5BA44F73C8FF}.Debug|Any CPU.Build.0 = Debug|Any CPU
		{C25A8540-CFA0-4886-B9A4-5BA44F73C8FF}.Release|Any CPU.ActiveCfg = Release|Any CPU
		{C25A8540-CFA0-4886-B9A4-5BA44F73C8FF}.Release|Any CPU.Build.0 = Release|Any CPU
	EndGlobalSection
	GlobalSection(SolutionProperties) = preSolution
		HideSolutionNode = FALSE
	EndGlobalSection
	GlobalSection(ExtensibilityGlobals) = postSolution
		SolutionGuid = {8A4F9991-A452-46B1-90A9-7CD718EE6DB1}
	EndGlobalSection
EndGlobal
